
Microsoft Visual Studio Solution File, Format Version 12.00
# Visual Studio Version 16
VisualStudioVersion = 16.0.29209.62
MinimumVisualStudioVersion = 10.0.40219.1
Project("{FAE04EC0-301F-11D3-BF4B-00C04F79EFBC}") = "ColetorAppServidor", "Pizzaria1\ColetorAppServidor.csproj", "{F2571E19-BB3A-46FA-B1A1-15ECD9392887}"
EndProject
Global
	GlobalSection(SolutionConfigurationPlatforms) = preSolution
		Debug|Any CPU = Debug|Any CPU
		Release|Any CPU = Release|Any CPU
	EndGlobalSection
	GlobalSection(ProjectConfigurationPlatforms) = postSolution
		{F2571E19-BB3A-46FA-B1A1-15ECD9392887}.Debug|Any CPU.ActiveCfg = Debug|Any CPU
		{F2571E19-BB3A-46FA-B1A1-15ECD9392887}.Debug|Any CPU.Build.0 = Debug|Any CPU
		{F2571E19-BB3A-46FA-B1A1-15ECD9392887}.Release|Any CPU.ActiveCfg = Release|Any CPU
		{F2571E19-BB3A-46FA-B1A1-15ECD9392887}.Release|Any CPU.Build.0 = Release|Any CPU
	EndGlobalSection
	GlobalSection(SolutionProperties) = preSolution
		HideSolutionNode = FALSE
	EndGlobalSection
	GlobalSection(ExtensibilityGlobals) = postSolution
		SolutionGuid = {5595544F-EE47-496A-A18D-0396B72C49E3}
	EndGlobalSection
EndGlobal
